
Microsoft Visual Studio Solution File, Format Version 12.00
# Visual Studio Version 16
VisualStudioVersion = 16.0.31112.23
MinimumVisualStudioVersion = 10.0.40219.1
Project("{FAE04EC0-301F-11D3-BF4B-00C04F79EFBC}") = "GazetaApi", "GazetaApi.csproj", "{7392CBE6-FA27-46FB-8DC7-3915ECE7E51D}"
EndProject
Global
	GlobalSection(SolutionConfigurationPlatforms) = preSolution
		Debug|Any CPU = Debug|Any CPU
		Release|Any CPU = Release|Any CPU
	EndGlobalSection
	GlobalSection(ProjectConfigurationPlatforms) = postSolution
		{7392CBE6-FA27-46FB-8DC7-3915ECE7E51D}.Debug|Any CPU.ActiveCfg = Debug|Any CPU
		{7392CBE6-FA27-46FB-8DC7-3915ECE7E51D}.Debug|Any CPU.Build.0 = Debug|Any CPU
		{7392CBE6-FA27-46FB-8DC7-3915ECE7E51D}.Release|Any CPU.ActiveCfg = Release|Any CPU
		{7392CBE6-FA27-46FB-8DC7-3915ECE7E51D}.Release|Any CPU.Build.0 = Release|Any CPU
	EndGlobalSection
	GlobalSection(SolutionProperties) = preSolution
		HideSolutionNode = FALSE
	EndGlobalSection
	GlobalSection(ExtensibilityGlobals) = postSolution
		SolutionGuid = {0670510C-B143-4B97-80EE-8E851D32D4B3}
	EndGlobalSection
EndGlobal
